
Microsoft Visual Studio Solution File, Format Version 12.00
# Visual Studio Version 17
VisualStudioVersion = 17.8.34330.188
MinimumVisualStudioVersion = 10.0.40219.1
Project("{FAE04EC0-301F-11D3-BF4B-00C04F79EFBC}") = "NorthWindEF", "NorthWindEF\NorthWindEF.csproj", "{7915976C-0FE6-497C-9264-EA9787D9B3EB}"
EndProject
Global
	GlobalSection(SolutionConfigurationPlatforms) = preSolution
		Debug|Any CPU = Debug|Any CPU
		Release|Any CPU = Release|Any CPU
	EndGlobalSection
	GlobalSection(ProjectConfigurationPlatforms) = postSolution
		{7915976C-0FE6-497C-9264-EA9787D9B3EB}.Debug|Any CPU.ActiveCfg = Debug|Any CPU
		{7915976C-0FE6-497C-9264-EA9787D9B3EB}.Debug|Any CPU.Build.0 = Debug|Any CPU
		{7915976C-0FE6-497C-9264-EA9787D9B3EB}.Release|Any CPU.ActiveCfg = Release|Any CPU
		{7915976C-0FE6-497C-9264-EA9787D9B3EB}.Release|Any CPU.Build.0 = Release|Any CPU
	EndGlobalSection
	GlobalSection(SolutionProperties) = preSolution
		HideSolutionNode = FALSE
	EndGlobalSection
	GlobalSection(ExtensibilityGlobals) = postSolution
		SolutionGuid = {BC317B9D-834A-445F-B8E4-4B593DF23E5C}
	EndGlobalSection
EndGlobal
